// !$*UTF8*$!
{
	archiveVersion = 1;
	classes = {
	};
	objectVersion = 50;
	objects = {

/* Begin PBXBuildFile section */
		4FB937B325907E63006463E4 /* AppDelegate.swift in Sources */ = {isa = PBXBuildFile; fileRef = 4FB937B225907E63006463E4 /* AppDelegate.swift */; };
		4FB937B525907E63006463E4 /* SceneDelegate.swift in Sources */ = {isa = PBXBuildFile; fileRef = 4FB937B425907E63006463E4 /* SceneDelegate.swift */; };
		4FB937B725907E63006463E4 /* ContentView.swift in Sources */ = {isa = PBXBuildFile; fileRef = 4FB937B625907E63006463E4 /* ContentView.swift */; };
		4FB937B925907E65006463E4 /* Assets.xcassets in Resources */ = {isa = PBXBuildFile; fileRef = 4FB937B825907E65006463E4 /* Assets.xcassets */; };
		4FB937BC25907E65006463E4 /* Preview Assets.xcassets in Resources */ = {isa = PBXBuildFile; fileRef = 4FB937BB25907E65006463E4 /* Preview Assets.xcassets */; };
		4FB937BF25907E65006463E4 /* LaunchScreen.storyboard in Resources */ = {isa = PBXBuildFile; fileRef = 4FB937BD25907E65006463E4 /* LaunchScreen.storyboard */; };
		4FB937CA25907E65006463E4 /* PorchTestProgramTests.swift in Sources */ = {isa = PBXBuildFile; fileRef = 4FB937C925907E65006463E4 /* PorchTestProgramTests.swift */; };
		4FB937D525907E65006463E4 /* PorchTestProgramUITests.swift in Sources */ = {isa = PBXBuildFile; fileRef = 4FB937D425907E65006463E4 /* PorchTestProgramUITests.swift */; };
/* End PBXBuildFile section */

/* Begin PBXContainerItemProxy section */
		4FB937C625907E65006463E4 /* PBXContainerItemProxy */ = {
			isa = PBXContainerItemProxy;
			containerPortal = 4FB937A725907E63006463E4 /* Project object */;
			proxyType = 1;
			remoteGlobalIDString = 4FB937AE25907E63006463E4;
			remoteInfo = PorchTestProgram;
		};
		4FB937D125907E65006463E4 /* PBXContainerItemProxy */ = {
			isa = PBXContainerItemProxy;
			containerPortal = 4FB937A725907E63006463E4 /* Project object */;
			proxyType = 1;
			remoteGlobalIDString = 4FB937AE25907E63006463E4;
			remoteInfo = PorchTestProgram;
		};
/* End PBXContainerItemProxy section */

/* Begin PBXFileReference section */
		4FB937AF25907E63006463E4 /* PorchTestProgram.app */ = {isa = PBXFileReference; explicitFileType = wrapper.application; includeInIndex = 0; path = PorchTestProgram.app; sourceTree = BUILT_PRODUCTS_DIR; };
		4FB937B225907E63006463E4 /* AppDelegate.swift */ = {isa = PBXFileReference; lastKnownFileType = sourcecode.swift; path = AppDelegate.swift; sourceTree = "<group>"; };
		4FB937B425907E63006463E4 /* SceneDelegate.swift */ = {isa = PBXFileReference; lastKnownFileType = sourcecode.swift; path = SceneDelegate.swift; sourceTree = "<group>"; };
		4FB937B625907E63006463E4 /* ContentView.swift */ = {isa = PBXFileReference; lastKnownFileType = sourcecode.swift; path = ContentView.swift; sourceTree = "<group>"; };
		4FB937B825907E65006463E4 /* Assets.xcassets */ = {isa = PBXFileReference; lastKnownFileType = folder.assetcatalog; path = Assets.xcassets; sourceTree = "<group>"; };
		4FB937BB25907E65006463E4 /* Preview Assets.xcassets */ = {isa = PBXFileReference; lastKnownFileType = folder.assetcatalog; path = "Preview Assets.xcassets"; sourceTree = "<group>"; };
		4FB937BE25907E65006463E4 /* Base */ = {isa = PBXFileReference; lastKnownFileType = file.storyboard; name = Base; path = Base.lproj/LaunchScreen.storyboard; sourceTree = "<group>"; };
		4FB937C025907E65006463E4 /* Info.plist */ = {isa = PBXFileReference; lastKnownFileType = text.plist.xml; path = Info.plist; sourceTree = "<group>"; };
		4FB937C525907E65006463E4 /* PorchTestProgramTests.xctest */ = {isa = PBXFileReference; explicitFileType = wrapper.cfbundle; includeInIndex = 0; path = PorchTestProgramTests.xctest; sourceTree = BUILT_PRODUCTS_DIR; };
		4FB937C925907E65006463E4 /* PorchTestProgramTests.swift */ = {isa = PBXFileReference; lastKnownFileType = sourcecode.swift; path = PorchTestProgramTests.swift; sourceTree = "<group>"; };
		4FB937CB25907E65006463E4 /* Info.plist */ = {isa = PBXFileReference; lastKnownFileType = text.plist.xml; path = Info.plist; sourceTree = "<group>"; };
		4FB937D025907E65006463E4 /* PorchTestProgramUITests.xctest */ = {isa = PBXFileReference; explicitFileType = wrapper.cfbundle; includeInIndex = 0; path = PorchTestProgramUITests.xctest; sourceTree = BUILT_PRODUCTS_DIR; };
		4FB937D425907E65006463E4 /* PorchTestProgramUITests.swift */ = {isa = PBXFileReference; lastKnownFileType = sourcecode.swift; path = PorchTestProgramUITests.swift; sourceTree = "<group>"; };
		4FB937D625907E65006463E4 /* Info.plist */ = {isa = PBXFileReference; lastKnownFileType = text.plist.xml; path = Info.plist; sourceTree = "<group>"; };
/* End PBXFileReference section */

/* Begin PBXFrameworksBuildPhase section */
		4FB937AC25907E63006463E4 /* Frameworks */ = {
			isa = PBXFrameworksBuildPhase;
			buildActionMask = 2147483647;
			files = (
			);
			runOnlyForDeploymentPostprocessing = 0;
		};
		4FB937C225907E65006463E4 /* Frameworks */ = {
			isa = PBXFrameworksBuildPhase;
			buildActionMask = 2147483647;
			files = (
			);
			runOnlyForDeploymentPostprocessing = 0;
		};
		4FB937CD25907E65006463E4 /* Frameworks */ = {
			isa = PBXFrameworksBuildPhase;
			buildActionMask = 2147483647;
			files = (
			);
			runOnlyForDeploymentPostprocessing = 0;
		};
/* End PBXFrameworksBuildPhase section */

/* Begin PBXGroup section */
		4FB937A625907E63006463E4 = {
			isa = PBXGroup;
			children = (
				4FB937B125907E63006463E4 /* PorchTestProgram */,
				4FB937C825907E65006463E4 /* PorchTestProgramTests */,
				4FB937D325907E65006463E4 /* PorchTestProgramUITests */,
				4FB937B025907E63006463E4 /* Products */,
			);
			sourceTree = "<group>";
		};
		4FB937B025907E63006463E4 /* Products */ = {
			isa = PBXGroup;
			children = (
				4FB937AF25907E63006463E4 /* PorchTestProgram.app */,
				4FB937C525907E65006463E4 /* PorchTestProgramTests.xctest */,
				4FB937D025907E65006463E4 /* PorchTestProgramUITests.xctest */,
			);
			name = Products;
			sourceTree = "<group>";
		};
		4FB937B125907E63006463E4 /* PorchTestProgram */ = {
			isa = PBXGroup;
			children = (
				4FB937B225907E63006463E4 /* AppDelegate.swift */,
				4FB937B425907E63006463E4 /* SceneDelegate.swift */,
				4FB937B625907E63006463E4 /* ContentView.swift */,
				4FB937B825907E65006463E4 /* Assets.xcassets */,
				4FB937BD25907E65006463E4 /* LaunchScreen.storyboard */,
				4FB937C025907E65006463E4 /* Info.plist */,
				4FB937BA25907E65006463E4 /* Preview Content */,
			);
			path = PorchTestProgram;
			sourceTree = "<group>";
		};
		4FB937BA25907E65006463E4 /* Preview Content */ = {
			isa = PBXGroup;
			children = (
				4FB937BB25907E65006463E4 /* Preview Assets.xcassets */,
			);
			path = "Preview Content";
			sourceTree = "<group>";
		};
		4FB937C825907E65006463E4 /* PorchTestProgramTests */ = {
			isa = PBXGroup;
			children = (
				4FB937C925907E65006463E4 /* PorchTestProgramTests.swift */,
				4FB937CB25907E65006463E4 /* Info.plist */,
			);
			path = PorchTestProgramTests;
			sourceTree = "<group>";
		};
		4FB937D325907E65006463E4 /* PorchTestProgramUITests */ = {
			isa = PBXGroup;
			children = (
				4FB937D425907E65006463E4 /* PorchTestProgramUITests.swift */,
				4FB937D625907E65006463E4 /* Info.plist */,
			);
			path = PorchTestProgramUITests;
			sourceTree = "<group>";
		};
/* End PBXGroup section */

/* Begin PBXNativeTarget section */
		4FB937AE25907E63006463E4 /* PorchTestProgram */ = {
			isa = PBXNativeTarget;
			buildConfigurationList = 4FB937D925907E65006463E4 /* Build configuration list for PBXNativeTarget "PorchTestProgram" */;
			buildPhases = (
				4FB937AB25907E63006463E4 /* Sources */,
				4FB937AC25907E63006463E4 /* Frameworks */,
				4FB937AD25907E63006463E4 /* Resources */,
			);
			buildRules = (
			);
			dependencies = (
			);
			name = PorchTestProgram;
			productName = PorchTestProgram;
			productReference = 4FB937AF25907E63006463E4 /* PorchTestProgram.app */;
			productType = "com.apple.product-type.application";
		};
		4FB937C425907E65006463E4 /* PorchTestProgramTests */ = {
			isa = PBXNativeTarget;
			buildConfigurationList = 4FB937DC25907E65006463E4 /* Build configuration list for PBXNativeTarget "PorchTestProgramTests" */;
			buildPhases = (
				4FB937C125907E65006463E4 /* Sources */,
				4FB937C225907E65006463E4 /* Frameworks */,
				4FB937C325907E65006463E4 /* Resources */,
			);
			buildRules = (
			);
			dependencies = (
				4FB937C725907E65006463E4 /* PBXTargetDependency */,
			);
			name = PorchTestProgramTests;
			productName = PorchTestProgramTests;
			productReference = 4FB937C525907E65006463E4 /* PorchTestProgramTests.xctest */;
			productType = "com.apple.product-type.bundle.unit-test";
		};
		4FB937CF25907E65006463E4 /* PorchTestProgramUITests */ = {
			isa = PBXNativeTarget;
			buildConfigurationList = 4FB937DF25907E65006463E4 /* Build configuration list for PBXNativeTarget "PorchTestProgramUITests" */;
			buildPhases = (
				4FB937CC25907E65006463E4 /* Sources */,
				4FB937CD25907E65006463E4 /* Frameworks */,
				4FB937CE25907E65006463E4 /* Resources */,
			);
			buildRules = (
			);
			dependencies = (
				4FB937D225907E65006463E4 /* PBXTargetDependency */,
			);
			name = PorchTestProgramUITests;
			productName = PorchTestProgramUITests;
			productReference = 4FB937D025907E65006463E4 /* PorchTestProgramUITests.xctest */;
			productType = "com.apple.product-type.bundle.ui-testing";
		};
/* End PBXNativeTarget section */

/* Begin PBXProject section */
		4FB937A725907E63006463E4 /* Project object */ = {
			isa = PBXProject;
			attributes = {
				LastSwiftUpdateCheck = 1170;
				LastUpgradeCheck = 1170;
				ORGANIZATIONNAME = ElliottTest;
				TargetAttributes = {
					4FB937AE25907E63006463E4 = {
						CreatedOnToolsVersion = 11.7;
					};
					4FB937C425907E65006463E4 = {
						CreatedOnToolsVersion = 11.7;
						TestTargetID = 4FB937AE25907E63006463E4;
					};
					4FB937CF25907E65006463E4 = {
						CreatedOnToolsVersion = 11.7;
						TestTargetID = 4FB937AE25907E63006463E4;
					};
				};
			};
			buildConfigurationList = 4FB937AA25907E63006463E4 /* Build configuration list for PBXProject "PorchTestProgram" */;
			compatibilityVersion = "Xcode 9.3";
			developmentRegion = en;
			hasScannedForEncodings = 0;
			knownRegions = (
				en,
				Base,
			);
			mainGroup = 4FB937A625907E63006463E4;
			productRefGroup = 4FB937B025907E63006463E4 /* Products */;
			projectDirPath = "";
			projectRoot = "";
			targets = (
				4FB937AE25907E63006463E4 /* PorchTestProgram */,
				4FB937C425907E65006463E4 /* PorchTestProgramTests */,
				4FB937CF25907E65006463E4 /* PorchTestProgramUITests */,
			);
		};
/* End PBXProject section */

/* Begin PBXResourcesBuildPhase section */
		4FB937AD25907E63006463E4 /* Resources */ = {
			isa = PBXResourcesBuildPhase;
			buildActionMask = 2147483647;
			files = (
				4FB937BF25907E65006463E4 /* LaunchScreen.storyboard in Resources */,
				4FB937BC25907E65006463E4 /* Preview Assets.xcassets in Resources */,
				4FB937B925907E65006463E4 /* Assets.xcassets in Resources */,
			);
			runOnlyForDeploymentPostprocessing = 0;
		};
		4FB937C325907E65006463E4 /* Resources */ = {
			isa = PBXResourcesBuildPhase;
			buildActionMask = 2147483647;
			files = (
			);
			runOnlyForDeploymentPostprocessing = 0;
		};
		4FB937CE25907E65006463E4 /* Resources */ = {
			isa = PBXResourcesBuildPhase;
			buildActionMask = 2147483647;
			files = (
			);
			runOnlyForDeploymentPostprocessing = 0;
		};
/* End PBXResourcesBuildPhase section */

/* Begin PBXSourcesBuildPhase section */
		4FB937AB25907E63006463E4 /* Sources */ = {
			isa = PBXSourcesBuildPhase;
			buildActionMask = 2147483647;
			files = (
				4FB937B325907E63006463E4 /* AppDelegate.swift in Sources */,
				4FB937B525907E63006463E4 /* SceneDelegate.swift in Sources */,
				4FB937B725907E63006463E4 /* ContentView.swift in Sources */,
			);
			runOnlyForDeploymentPostprocessing = 0;
		};
		4FB937C125907E65006463E4 /* Sources */ = {
			isa = PBXSourcesBuildPhase;
			buildActionMask = 2147483647;
			files = (
				4FB937CA25907E65006463E4 /* PorchTestProgramTests.swift in Sources */,
			);
			runOnlyForDeploymentPostprocessing = 0;
		};
		4FB937CC25907E65006463E4 /* Sources */ = {
			isa = PBXSourcesBuildPhase;
			buildActionMask = 2147483647;
			files = (
				4FB937D525907E65006463E4 /* PorchTestProgramUITests.swift in Sources */,
			);
			runOnlyForDeploymentPostprocessing = 0;
		};
/* End PBXSourcesBuildPhase section */

/* Begin PBXTargetDependency section */
		4FB937C725907E65006463E4 /* PBXTargetDependency */ = {
			isa = PBXTargetDependency;
			target = 4FB937AE25907E63006463E4 /* PorchTestProgram */;
			targetProxy = 4FB937C625907E65006463E4 /* PBXContainerItemProxy */;
		};
		4FB937D225907E65006463E4 /* PBXTargetDependency */ = {
			isa = PBXTargetDependency;
			target = 4FB937AE25907E63006463E4 /* PorchTestProgram */;
			targetProxy = 4FB937D125907E65006463E4 /* PBXContainerItemProxy */;
		};
/* End PBXTargetDependency section */

/* Begin PBXVariantGroup section */
		4FB937BD25907E65006463E4 /* LaunchScreen.storyboard */ = {
			isa = PBXVariantGroup;
			children = (
				4FB937BE25907E65006463E4 /* Base */,
			);
			name = LaunchScreen.storyboard;
			sourceTree = "<group>";
		};
/* End PBXVariantGroup section */

/* Begin XCBuildConfiguration section */
		4FB937D725907E65006463E4 /* Debug */ = {
			isa = XCBuildConfiguration;
			buildSettings = {
				ALWAYS_SEARCH_USER_PATHS = NO;
				CLANG_ANALYZER_NONNULL = YES;
				CLANG_ANALYZER_NUMBER_OBJECT_CONVERSION = YES_AGGRESSIVE;
				CLANG_CXX_LANGUAGE_STANDARD = "gnu++14";
				CLANG_CXX_LIBRARY = "libc++";
				CLANG_ENABLE_MODULES = YES;
				CLANG_ENABLE_OBJC_ARC = YES;
				CLANG_ENABLE_OBJC_WEAK = YES;
				CLANG_WARN_BLOCK_CAPTURE_AUTORELEASING = YES;
				CLANG_WARN_BOOL_CONVERSION = YES;
				CLANG_WARN_COMMA = YES;
				CLANG_WARN_CONSTANT_CONVERSION = YES;
				CLANG_WARN_DEPRECATED_OBJC_IMPLEMENTATIONS = YES;
				CLANG_WARN_DIRECT_OBJC_ISA_USAGE = YES_ERROR;
				CLANG_WARN_DOCUMENTATION_COMMENTS = YES;
				CLANG_WARN_EMPTY_BODY = YES;
				CLANG_WARN_ENUM_CONVERSION = YES;
				CLANG_WARN_INFINITE_RECURSION = YES;
				CLANG_WARN_INT_CONVERSION = YES;
				CLANG_WARN_NON_LITERAL_NULL_CONVERSION = YES;
				CLANG_WARN_OBJC_IMPLICIT_RETAIN_SELF = YES;
				CLANG_WARN_OBJC_LITERAL_CONVERSION = YES;
				CLANG_WARN_OBJC_ROOT_CLASS = YES_ERROR;
				CLANG_WARN_RANGE_LOOP_ANALYSIS = YES;
				CLANG_WARN_STRICT_PROTOTYPES = YES;
				CLANG_WARN_SUSPICIOUS_MOVE = YES;
				CLANG_WARN_UNGUARDED_AVAILABILITY = YES_AGGRESSIVE;
				CLANG_WARN_UNREACHABLE_CODE = YES;
				CLANG_WARN__DUPLICATE_METHOD_MATCH = YES;
				COPY_PHASE_STRIP = NO;
				DEBUG_INFORMATION_FORMAT = dwarf;
				ENABLE_STRICT_OBJC_MSGSEND = YES;
				ENABLE_TESTABILITY = YES;
				GCC_C_LANGUAGE_STANDARD = gnu11;
				GCC_DYNAMIC_NO_PIC = NO;
				GCC_NO_COMMON_BLOCKS = YES;
				GCC_OPTIMIZATION_LEVEL = 0;
				GCC_PREPROCESSOR_DEFINITIONS = (
					"DEBUG=1",
					"$(inherited)",
				);
				GCC_WARN_64_TO_32_BIT_CONVERSION = YES;
				GCC_WARN_ABOUT_RETURN_TYPE = YES_ERROR;
				GCC_WARN_UNDECLARED_SELECTOR = YES;
				GCC_WARN_UNINITIALIZED_AUTOS = YES_AGGRESSIVE;
				GCC_WARN_UNUSED_FUNCTION = YES;
				GCC_WARN_UNUSED_VARIABLE = YES;
				IPHONEOS_DEPLOYMENT_TARGET = 13.7;
				MTL_ENABLE_DEBUG_INFO = INCLUDE_SOURCE;
				MTL_FAST_MATH = YES;
				ONLY_ACTIVE_ARCH = YES;
				SDKROOT = iphoneos;
				SWIFT_ACTIVE_COMPILATION_CONDITIONS = DEBUG;
				SWIFT_OPTIMIZATION_LEVEL = "-Onone";
			};
			name = Debug;
		};
		4FB937D825907E65006463E4 /* Release */ = {
			isa = XCBuildConfiguration;
			buildSettings = {
				ALWAYS_SEARCH_USER_PATHS = NO;
				CLANG_ANALYZER_NONNULL = YES;
				CLANG_ANALYZER_NUMBER_OBJECT_CONVERSION = YES_AGGRESSIVE;
				CLANG_CXX_LANGUAGE_STANDARD = "gnu++14";
				CLANG_CXX_LIBRARY = "libc++";
				CLANG_ENABLE_MODULES = YES;
				CLANG_ENABLE_OBJC_ARC = YES;
				CLANG_ENABLE_OBJC_WEAK = YES;
				CLANG_WARN_BLOCK_CAPTURE_AUTORELEASING = YES;
				CLANG_WARN_BOOL_CONVERSION = YES;
				CLANG_WARN_COMMA = YES;
				CLANG_WARN_CONSTANT_CONVERSION = YES;
				CLANG_WARN_DEPRECATED_OBJC_IMPLEMENTATIONS = YES;
				CLANG_WARN_DIRECT_OBJC_ISA_USAGE = YES_ERROR;
				CLANG_WARN_DOCUMENTATION_COMMENTS = YES;
				CLANG_WARN_EMPTY_BODY = YES;
				CLANG_WARN_ENUM_CONVERSION = YES;
				CLANG_WARN_INFINITE_RECURSION = YES;
				CLANG_WARN_INT_CONVERSION = YES;
				CLANG_WARN_NON_LITERAL_NULL_CONVERSION = YES;
				CLANG_WARN_OBJC_IMPLICIT_RETAIN_SELF = YES;
				CLANG_WARN_OBJC_LITERAL_CONVERSION = YES;
				CLANG_WARN_OBJC_ROOT_CLASS = YES_ERROR;
				CLANG_WARN_RANGE_LOOP_ANALYSIS = YES;
				CLANG_WARN_STRICT_PROTOTYPES = YES;
				CLANG_WARN_SUSPICIOUS_MOVE = YES;
				CLANG_WARN_UNGUARDED_AVAILABILITY = YES_AGGRESSIVE;
				CLANG_WARN_UNREACHABLE_CODE = YES;
				CLANG_WARN__DUPLICATE_METHOD_MATCH = YES;
				COPY_PHASE_STRIP = NO;
				DEBUG_INFORMATION_FORMAT = "dwarf-with-dsym";
				ENABLE_NS_ASSERTIONS = NO;
				ENABLE_STRICT_OBJC_MSGSEND = YES;
				GCC_C_LANGUAGE_STANDARD = gnu11;
				GCC_NO_COMMON_BLOCKS = YES;
				GCC_WARN_64_TO_32_BIT_CONVERSION = YES;
				GCC_WARN_ABOUT_RETURN_TYPE = YES_ERROR;
				GCC_WARN_UNDECLARED_SELECTOR = YES;
				GCC_WARN_UNINITIALIZED_AUTOS = YES_AGGRESSIVE;
				GCC_WARN_UNUSED_FUNCTION = YES;
				GCC_WARN_UNUSED_VARIABLE = YES;
				IPHONEOS_DEPLOYMENT_TARGET = 13.7;
				MTL_ENABLE_DEBUG_INFO = NO;
				MTL_FAST_MATH = YES;
				SDKROOT = iphoneos;
				SWIFT_COMPILATION_MODE = wholemodule;
				SWIFT_OPTIMIZATION_LEVEL = "-O";
				VALIDATE_PRODUCT = YES;
			};
			name = Release;
		};
		4FB937DA25907E65006463E4 /* Debug */ = {
			isa = XCBuildConfiguration;
			buildSettings = {
				ASSETCATALOG_COMPILER_APPICON_NAME = AppIcon;
				CODE_SIGN_STYLE = Automatic;
				DEVELOPMENT_ASSET_PATHS = "\"PorchTestProgram/Preview Content\"";
				ENABLE_PREVIEWS = YES;
				INFOPLIST_FILE = PorchTestProgram/Info.plist;
				LD_RUNPATH_SEARCH_PATHS = (
					"$(inherited)",
					"@executable_path/Frameworks",
				);
				PRODUCT_BUNDLE_IDENTIFIER = com.iosTest.PorchTestProgram;
				PRODUCT_NAME = "$(TARGET_NAME)";
				SWIFT_VERSION = 5.0;
				TARGETED_DEVICE_FAMILY = "1,2";
			};
			name = Debug;
		};
		4FB937DB25907E65006463E4 /* Release */ = {
			isa = XCBuildConfiguration;
			buildSettings = {
				ASSETCATALOG_COMPILER_APPICON_NAME = AppIcon;
				CODE_SIGN_STYLE = Automatic;
				DEVELOPMENT_ASSET_PATHS = "\"PorchTestProgram/Preview Content\"";
				ENABLE_PREVIEWS = YES;
				INFOPLIST_FILE = PorchTestProgram/Info.plist;
				LD_RUNPATH_SEARCH_PATHS = (
					"$(inherited)",
					"@executable_path/Frameworks",
				);
				PRODUCT_BUNDLE_IDENTIFIER = com.iosTest.PorchTestProgram;
				PRODUCT_NAME = "$(TARGET_NAME)";
				SWIFT_VERSION = 5.0;
				TARGETED_DEVICE_FAMILY = "1,2";
			};
			name = Release;
		};
		4FB937DD25907E65006463E4 /* Debug */ = {
			isa = XCBuildConfiguration;
			buildSettings = {
				ALWAYS_EMBED_SWIFT_STANDARD_LIBRARIES = YES;
				BUNDLE_LOADER = "$(TEST_HOST)";
				CODE_SIGN_STYLE = Automatic;
				INFOPLIST_FILE = PorchTestProgramTests/Info.plist;
				IPHONEOS_DEPLOYMENT_TARGET = 13.7;
				LD_RUNPATH_SEARCH_PATHS = (
					"$(inherited)",
					"@executable_path/Frameworks",
					"@loader_path/Frameworks",
				);
				PRODUCT_BUNDLE_IDENTIFIER = com.iosTest.PorchTestProgramTests;
				PRODUCT_NAME = "$(TARGET_NAME)";
				SWIFT_VERSION = 5.0;
				TARGETED_DEVICE_FAMILY = "1,2";
				TEST_HOST = "$(BUILT_PRODUCTS_DIR)/PorchTestProgram.app/PorchTestProgram";
			};
			name = Debug;
		};
		4FB937DE25907E65006463E4 /* Release */ = {
			isa = XCBuildConfiguration;
			buildSettings = {
				ALWAYS_EMBED_SWIFT_STANDARD_LIBRARIES = YES;
				BUNDLE_LOADER = "$(TEST_HOST)";
				CODE_SIGN_STYLE = Automatic;
				INFOPLIST_FILE = PorchTestProgramTests/Info.plist;
				IPHONEOS_DEPLOYMENT_TARGET = 13.7;
				LD_RUNPATH_SEARCH_PATHS = (
					"$(inherited)",
					"@executable_path/Frameworks",
					"@loader_path/Frameworks",
				);
				PRODUCT_BUNDLE_IDENTIFIER = com.iosTest.PorchTestProgramTests;
				PRODUCT_NAME = "$(TARGET_NAME)";
				SWIFT_VERSION = 5.0;
				TARGETED_DEVICE_FAMILY = "1,2";
				TEST_HOST = "$(BUILT_PRODUCTS_DIR)/PorchTestProgram.app/PorchTestProgram";
			};
			name = Release;
		};
		4FB937E025907E65006463E4 /* Debug */ = {
			isa = XCBuildConfiguration;
			buildSettings = {
				ALWAYS_EMBED_SWIFT_STANDARD_LIBRARIES = YES;
				CODE_SIGN_STYLE = Automatic;
				INFOPLIST_FILE = PorchTestProgramUITests/Info.plist;
				LD_RUNPATH_SEARCH_PATHS = (
					"$(inherited)",
					"@executable_path/Frameworks",
					"@loader_path/Frameworks",
				);
				PRODUCT_BUNDLE_IDENTIFIER = com.iosTest.PorchTestProgramUITests;
				PRODUCT_NAME = "$(TARGET_NAME)";
				SWIFT_VERSION = 5.0;
				TARGETED_DEVICE_FAMILY = "1,2";
				TEST_TARGET_NAME = PorchTestProgram;
			};
			name = Debug;
		};
		4FB937E125907E65006463E4 /* Release */ = {
			isa = XCBuildConfiguration;
			buildSettings = {
				ALWAYS_EMBED_SWIFT_STANDARD_LIBRARIES = YES;
				CODE_SIGN_STYLE = Automatic;
				INFOPLIST_FILE = PorchTestProgramUITests/Info.plist;
				LD_RUNPATH_SEARCH_PATHS = (
					"$(inherited)",
					"@executable_path/Frameworks",
					"@loader_path/Frameworks",
				);
				PRODUCT_BUNDLE_IDENTIFIER = com.iosTest.PorchTestProgramUITests;
				PRODUCT_NAME = "$(TARGET_NAME)";
				SWIFT_VERSION = 5.0;
				TARGETED_DEVICE_FAMILY = "1,2";
				TEST_TARGET_NAME = PorchTestProgram;
			};
			name = Release;
		};
/* End XCBuildConfiguration section */

/* Begin XCConfigurationList section */
		4FB937AA25907E63006463E4 /* Build configuration list for PBXProject "PorchTestProgram" */ = {
			isa = XCConfigurationList;
			buildConfigurations = (
				4FB937D725907E65006463E4 /* Debug */,
				4FB937D825907E65006463E4 /* Release */,
			);
			defaultConfigurationIsVisible = 0;
			defaultConfigurationName = Release;
		};
		4FB937D925907E65006463E4 /* Build configuration list for PBXNativeTarget "PorchTestProgram" */ = {
			isa = XCConfigurationList;
			buildConfigurations = (
				4FB937DA25907E65006463E4 /* Debug */,
				4FB937DB25907E65006463E4 /* Release */,
			);
			defaultConfigurationIsVisible = 0;
			defaultConfigurationName = Release;
		};
		4FB937DC25907E65006463E4 /* Build configuration list for PBXNativeTarget "PorchTestProgramTests" */ = {
			isa = XCConfigurationList;
			buildConfigurations = (
				4FB937DD25907E65006463E4 /* Debug */,
				4FB937DE25907E65006463E4 /* Release */,
			);
			defaultConfigurationIsVisible = 0;
			defaultConfigurationName = Release;
		};
		4FB937DF25907E65006463E4 /* Build configuration list for PBXNativeTarget "PorchTestProgramUITests" */ = {
			isa = XCConfigurationList;
			buildConfigurations = (
				4FB937E025907E65006463E4 /* Debug */,
				4FB937E125907E65006463E4 /* Release */,
			);
			defaultConfigurationIsVisible = 0;
			defaultConfigurationName = Release;
		};
/* End XCConfigurationList section */
	};
	rootObject = 4FB937A725907E63006463E4 /* Project object */;
}
